# This file is automatically @generated by Cargo.
# It is not intended for manual editing.
[[package]]
name = "bootloader"
version = "0.8.2"
source = "registry+https://github.com/rust-lang/crates.io-index"

[[package]]
name = "crab_os"
version = "0.1.0"
dependencies = [
 "bootloader 0.8.2 (registry+https://github.com/rust-lang/crates.io-index)",
]

[metadata]
"checksum bootloader 0.8.2 (registry+https://github.com/rust-lang/crates.io-index)" = "abfbe6cdea6367860818facc8e4a184f003cb83d7d004acaaf57baebf1949da0"
